
Microsoft Visual Studio Solution File, Format Version 12.00
# Visual Studio Version 17
VisualStudioVersion = 17.6.33829.357
MinimumVisualStudioVersion = 10.0.40219.1
Project("{FAE04EC0-301F-11D3-BF4B-00C04F79EFBC}") = "TicTacToe", "TicTacToe.csproj", "{FB4DF2F7-D8F8-405B-B10E-B2A61CC21186}"
EndProject
Global
	GlobalSection(SolutionConfigurationPlatforms) = preSolution
		Debug|Any CPU = Debug|Any CPU
		Release|Any CPU = Release|Any CPU
	EndGlobalSection
	GlobalSection(ProjectConfigurationPlatforms) = postSolution
		{FB4DF2F7-D8F8-405B-B10E-B2A61CC21186}.Debug|Any CPU.ActiveCfg = Debug|Any CPU
		{FB4DF2F7-D8F8-405B-B10E-B2A61CC21186}.Debug|Any CPU.Build.0 = Debug|Any CPU
		{FB4DF2F7-D8F8-405B-B10E-B2A61CC21186}.Release|Any CPU.ActiveCfg = Release|Any CPU
		{FB4DF2F7-D8F8-405B-B10E-B2A61CC21186}.Release|Any CPU.Build.0 = Release|Any CPU
	EndGlobalSection
	GlobalSection(SolutionProperties) = preSolution
		HideSolutionNode = FALSE
	EndGlobalSection
	GlobalSection(ExtensibilityGlobals) = postSolution
		SolutionGuid = {47063CCB-B3FC-4879-BF4A-3B34D3AD0F80}
	EndGlobalSection
EndGlobal
