
Microsoft Visual Studio Solution File, Format Version 12.00
# Visual Studio Version 17
VisualStudioVersion = 17.6.33829.357
MinimumVisualStudioVersion = 10.0.40219.1
Project("{FAE04EC0-301F-11D3-BF4B-00C04F79EFBC}") = "VirtualMethod", "VirtualMethod.csproj", "{517C4B80-0F05-4D8F-BF04-2E2CCF609627}"
EndProject
Global
	GlobalSection(SolutionConfigurationPlatforms) = preSolution
		Debug|Any CPU = Debug|Any CPU
		Release|Any CPU = Release|Any CPU
	EndGlobalSection
	GlobalSection(ProjectConfigurationPlatforms) = postSolution
		{517C4B80-0F05-4D8F-BF04-2E2CCF609627}.Debug|Any CPU.ActiveCfg = Debug|Any CPU
		{517C4B80-0F05-4D8F-BF04-2E2CCF609627}.Debug|Any CPU.Build.0 = Debug|Any CPU
		{517C4B80-0F05-4D8F-BF04-2E2CCF609627}.Release|Any CPU.ActiveCfg = Release|Any CPU
		{517C4B80-0F05-4D8F-BF04-2E2CCF609627}.Release|Any CPU.Build.0 = Release|Any CPU
	EndGlobalSection
	GlobalSection(SolutionProperties) = preSolution
		HideSolutionNode = FALSE
	EndGlobalSection
	GlobalSection(ExtensibilityGlobals) = postSolution
		SolutionGuid = {CFF61C4A-6CE9-48A4-839C-3728713F2B65}
	EndGlobalSection
EndGlobal
