
Microsoft Visual Studio Solution File, Format Version 12.00
# Visual Studio Version 17
VisualStudioVersion = 17.6.33829.357
MinimumVisualStudioVersion = 10.0.40219.1
Project("{FAE04EC0-301F-11D3-BF4B-00C04F79EFBC}") = "GenericBasic", "GenericBasic.csproj", "{D05B0453-63C6-4DFE-BD18-87A253BEF81A}"
EndProject
Global
	GlobalSection(SolutionConfigurationPlatforms) = preSolution
		Debug|Any CPU = Debug|Any CPU
		Release|Any CPU = Release|Any CPU
	EndGlobalSection
	GlobalSection(ProjectConfigurationPlatforms) = postSolution
		{D05B0453-63C6-4DFE-BD18-87A253BEF81A}.Debug|Any CPU.ActiveCfg = Debug|Any CPU
		{D05B0453-63C6-4DFE-BD18-87A253BEF81A}.Debug|Any CPU.Build.0 = Debug|Any CPU
		{D05B0453-63C6-4DFE-BD18-87A253BEF81A}.Release|Any CPU.ActiveCfg = Release|Any CPU
		{D05B0453-63C6-4DFE-BD18-87A253BEF81A}.Release|Any CPU.Build.0 = Release|Any CPU
	EndGlobalSection
	GlobalSection(SolutionProperties) = preSolution
		HideSolutionNode = FALSE
	EndGlobalSection
	GlobalSection(ExtensibilityGlobals) = postSolution
		SolutionGuid = {58B818AD-7088-418E-9410-A931CCC9B042}
	EndGlobalSection
EndGlobal
